{
  "name": "@lukekaalim/http-client",
  "version": "4.0.1",
  "lockfileVersion": 2,
  "requires": true,
  "packages": {
    "": {
      "name": "@lukekaalim/http-client",
      "version": "4.0.1",
      "license": "MIT",
      "dependencies": {
        "@lukekaalim/api-models": "^3.0.0",
        "@lukekaalim/cast": "^1.0.0"
      },
      "devDependencies": {
        "@lukekaalim/server": "^11.0.0",
        "@lukekaalim/test": "^4.6.0",
        "flow-bin": "^0.158.0",
        "node-fetch": "^3.1.1"
      }
    },
    "node_modules/@lukekaalim/api-models": {
      "version": "3.0.2",
      "resolved": "https://registry.npmjs.org/@lukekaalim/api-models/-/api-models-3.0.2.tgz",
      "integrity": "sha512-UBy1T9v0cEM7chUlqRKeeztEYBDJtxmJ0Ymc2Rh9vjFdUsZWjiYNDN4YLNzw4CW8+ALcuktpOpHm3ribBrrrmA==",
      "dependencies": {
        "@lukekaalim/cast": "^1.0.0"
      }
    },
    "node_modules/@lukekaalim/cast": {
      "version": "1.0.0",
      "resolved": "https://registry.npmjs.org/@lukekaalim/cast/-/cast-1.0.0.tgz",
      "integrity": "sha512-u0G1mmMlPfYtkNfTC53DT/F4D2ABMQAHKOJ2PXnidK3mwPaouAbGp8dRQun/QaoOVF/X7dP7gsJzO2bSBruuPQ=="
    },
    "node_modules/@lukekaalim/server": {
      "version": "11.0.0",
      "resolved": "https://registry.npmjs.org/@lukekaalim/server/-/server-11.0.0.tgz",
      "integrity": "sha512-9rTA7QhYEKQqf2NHrErxBwpjgXhwo3CXSJK7aJovB0AxKfv58uXAZ1cP8amEsQ6+yw+NQzHV92BL7j88RpeKjw==",
      "dev": true,
      "dependencies": {
        "@lukekaalim/api-models": "^3.0.2",
        "@lukekaalim/cast": "^1.0.0"
      }
    },
    "node_modules/@lukekaalim/test": {
      "version": "4.6.0",
      "resolved": "https://registry.npmjs.org/@lukekaalim/test/-/test-4.6.0.tgz",
      "integrity": "sha512-FbX7UEci7HmwohyYr2T8hM7K0qt1Dd0St4eiH0nuRmL8578Tqs4a1TdWKPKabpcF1HGlVwHLNBfT+eKktwJqQw==",
      "dev": true,
      "dependencies": {
        "tiny-ansi-colors": "0.0.4"
      }
    },
    "node_modules/data-uri-to-buffer": {
      "version": "4.0.0",
      "resolved": "https://registry.npmjs.org/data-uri-to-buffer/-/data-uri-to-buffer-4.0.0.tgz",
      "integrity": "sha512-Vr3mLBA8qWmcuschSLAOogKgQ/Jwxulv3RNE4FXnYWRGujzrRWQI4m12fQqRkwX06C0KanhLr4hK+GydchZsaA==",
      "dev": true,
      "engines": {
        "node": ">= 12"
      }
    },
    "node_modules/fetch-blob": {
      "version": "3.1.4",
      "resolved": "https://registry.npmjs.org/fetch-blob/-/fetch-blob-3.1.4.tgz",
      "integrity": "sha512-Eq5Xv5+VlSrYWEqKrusxY1C3Hm/hjeAsCGVG3ft7pZahlUAChpGZT/Ms1WmSLnEAisEXszjzu/s+ce6HZB2VHA==",
      "dev": true,
      "funding": [
        {
          "type": "github",
          "url": "https://github.com/sponsors/jimmywarting"
        },
        {
          "type": "paypal",
          "url": "https://paypal.me/jimmywarting"
        }
      ],
      "dependencies": {
        "node-domexception": "^1.0.0",
        "web-streams-polyfill": "^3.0.3"
      },
      "engines": {
        "node": "^12.20 || >= 14.13"
      }
    },
    "node_modules/flow-bin": {
      "version": "0.158.0",
      "resolved": "https://registry.npmjs.org/flow-bin/-/flow-bin-0.158.0.tgz",
      "integrity": "sha512-Gk5md8XTwk/M+J5M+rFyS1LJfFen6ldY60jM9+meWixlKf4b0vwdoUO8R7oo471pze+GY+blrnskUeqLDxFJfg==",
      "dev": true,
      "bin": {
        "flow": "cli.js"
      },
      "engines": {
        "node": ">=0.10.0"
      }
    },
    "node_modules/formdata-polyfill": {
      "version": "4.0.10",
      "resolved": "https://registry.npmjs.org/formdata-polyfill/-/formdata-polyfill-4.0.10.tgz",
      "integrity": "sha512-buewHzMvYL29jdeQTVILecSaZKnt/RJWjoZCF5OW60Z67/GmSLBkOFM7qh1PI3zFNtJbaZL5eQu1vLfazOwj4g==",
      "dev": true,
      "dependencies": {
        "fetch-blob": "^3.1.2"
      },
      "engines": {
        "node": ">=12.20.0"
      }
    },
    "node_modules/node-domexception": {
      "version": "1.0.0",
      "resolved": "https://registry.npmjs.org/node-domexception/-/node-domexception-1.0.0.tgz",
      "integrity": "sha512-/jKZoMpw0F8GRwl4/eLROPA3cfcXtLApP0QzLmUT/HuPCZWyB7IY9ZrMeKw2O/nFIqPQB3PVM9aYm0F312AXDQ==",
      "dev": true,
      "funding": [
        {
          "type": "github",
          "url": "https://github.com/sponsors/jimmywarting"
        },
        {
          "type": "github",
          "url": "https://paypal.me/jimmywarting"
        }
      ],
      "engines": {
        "node": ">=10.5.0"
      }
    },
    "node_modules/node-fetch": {
      "version": "3.1.1",
      "resolved": "https://registry.npmjs.org/node-fetch/-/node-fetch-3.1.1.tgz",
      "integrity": "sha512-SMk+vKgU77PYotRdWzqZGTZeuFKlsJ0hu4KPviQKkfY+N3vn2MIzr0rvpnYpR8MtB3IEuhlEcuOLbGvLRlA+yg==",
      "dev": true,
      "dependencies": {
        "data-uri-to-buffer": "^4.0.0",
        "fetch-blob": "^3.1.3",
        "formdata-polyfill": "^4.0.10"
      },
      "engines": {
        "node": "^12.20.0 || ^14.13.1 || >=16.0.0"
      },
      "funding": {
        "type": "opencollective",
        "url": "https://opencollective.com/node-fetch"
      }
    },
    "node_modules/tiny-ansi-colors": {
      "version": "0.0.4",
      "resolved": "https://registry.npmjs.org/tiny-ansi-colors/-/tiny-ansi-colors-0.0.4.tgz",
      "integrity": "sha512-utpCcSRO2SOZ0Z82PLlaADCgxRl/vNg7i0RhiazZG2MIEtRGkJJV710Qs3nAZLYJUVWwDNykG+JEpLOHR3j7/A==",
      "dev": true
    },
    "node_modules/web-streams-polyfill": {
      "version": "3.2.0",
      "resolved": "https://registry.npmjs.org/web-streams-polyfill/-/web-streams-polyfill-3.2.0.tgz",
      "integrity": "sha512-EqPmREeOzttaLRm5HS7io98goBgZ7IVz79aDvqjD0kYXLtFZTc0T/U6wHTPKyIjb+MdN7DFIIX6hgdBEpWmfPA==",
      "dev": true,
      "engines": {
        "node": ">= 8"
      }
    }
  },
  "dependencies": {
    "@lukekaalim/api-models": {
      "version": "3.0.2",
      "resolved": "https://registry.npmjs.org/@lukekaalim/api-models/-/api-models-3.0.2.tgz",
      "integrity": "sha512-UBy1T9v0cEM7chUlqRKeeztEYBDJtxmJ0Ymc2Rh9vjFdUsZWjiYNDN4YLNzw4CW8+ALcuktpOpHm3ribBrrrmA==",
      "requires": {
        "@lukekaalim/cast": "^1.0.0"
      }
    },
    "@lukekaalim/cast": {
      "version": "1.0.0",
      "resolved": "https://registry.npmjs.org/@lukekaalim/cast/-/cast-1.0.0.tgz",
      "integrity": "sha512-u0G1mmMlPfYtkNfTC53DT/F4D2ABMQAHKOJ2PXnidK3mwPaouAbGp8dRQun/QaoOVF/X7dP7gsJzO2bSBruuPQ=="
    },
    "@lukekaalim/server": {
      "version": "11.0.0",
      "resolved": "https://registry.npmjs.org/@lukekaalim/server/-/server-11.0.0.tgz",
      "integrity": "sha512-9rTA7QhYEKQqf2NHrErxBwpjgXhwo3CXSJK7aJovB0AxKfv58uXAZ1cP8amEsQ6+yw+NQzHV92BL7j88RpeKjw==",
      "dev": true,
      "requires": {
        "@lukekaalim/api-models": "^3.0.2",
        "@lukekaalim/cast": "^1.0.0"
      }
    },
    "@lukekaalim/test": {
      "version": "4.6.0",
      "resolved": "https://registry.npmjs.org/@lukekaalim/test/-/test-4.6.0.tgz",
      "integrity": "sha512-FbX7UEci7HmwohyYr2T8hM7K0qt1Dd0St4eiH0nuRmL8578Tqs4a1TdWKPKabpcF1HGlVwHLNBfT+eKktwJqQw==",
      "dev": true,
      "requires": {
        "tiny-ansi-colors": "0.0.4"
      }
    },
    "data-uri-to-buffer": {
      "version": "4.0.0",
      "resolved": "https://registry.npmjs.org/data-uri-to-buffer/-/data-uri-to-buffer-4.0.0.tgz",
      "integrity": "sha512-Vr3mLBA8qWmcuschSLAOogKgQ/Jwxulv3RNE4FXnYWRGujzrRWQI4m12fQqRkwX06C0KanhLr4hK+GydchZsaA==",
      "dev": true
    },
    "fetch-blob": {
      "version": "3.1.4",
      "resolved": "https://registry.npmjs.org/fetch-blob/-/fetch-blob-3.1.4.tgz",
      "integrity": "sha512-Eq5Xv5+VlSrYWEqKrusxY1C3Hm/hjeAsCGVG3ft7pZahlUAChpGZT/Ms1WmSLnEAisEXszjzu/s+ce6HZB2VHA==",
      "dev": true,
      "requires": {
        "node-domexception": "^1.0.0",
        "web-streams-polyfill": "^3.0.3"
      }
    },
    "flow-bin": {
      "version": "0.158.0",
      "resolved": "https://registry.npmjs.org/flow-bin/-/flow-bin-0.158.0.tgz",
      "integrity": "sha512-Gk5md8XTwk/M+J5M+rFyS1LJfFen6ldY60jM9+meWixlKf4b0vwdoUO8R7oo471pze+GY+blrnskUeqLDxFJfg==",
      "dev": true
    },
    "formdata-polyfill": {
      "version": "4.0.10",
      "resolved": "https://registry.npmjs.org/formdata-polyfill/-/formdata-polyfill-4.0.10.tgz",
      "integrity": "sha512-buewHzMvYL29jdeQTVILecSaZKnt/RJWjoZCF5OW60Z67/GmSLBkOFM7qh1PI3zFNtJbaZL5eQu1vLfazOwj4g==",
      "dev": true,
      "requires": {
        "fetch-blob": "^3.1.2"
      }
    },
    "node-domexception": {
      "version": "1.0.0",
      "resolved": "https://registry.npmjs.org/node-domexception/-/node-domexception-1.0.0.tgz",
      "integrity": "sha512-/jKZoMpw0F8GRwl4/eLROPA3cfcXtLApP0QzLmUT/HuPCZWyB7IY9ZrMeKw2O/nFIqPQB3PVM9aYm0F312AXDQ==",
      "dev": true
    },
    "node-fetch": {
      "version": "3.1.1",
      "resolved": "https://registry.npmjs.org/node-fetch/-/node-fetch-3.1.1.tgz",
      "integrity": "sha512-SMk+vKgU77PYotRdWzqZGTZeuFKlsJ0hu4KPviQKkfY+N3vn2MIzr0rvpnYpR8MtB3IEuhlEcuOLbGvLRlA+yg==",
      "dev": true,
      "requires": {
        "data-uri-to-buffer": "^4.0.0",
        "fetch-blob": "^3.1.3",
        "formdata-polyfill": "^4.0.10"
      }
    },
    "tiny-ansi-colors": {
      "version": "0.0.4",
      "resolved": "https://registry.npmjs.org/tiny-ansi-colors/-/tiny-ansi-colors-0.0.4.tgz",
      "integrity": "sha512-utpCcSRO2SOZ0Z82PLlaADCgxRl/vNg7i0RhiazZG2MIEtRGkJJV710Qs3nAZLYJUVWwDNykG+JEpLOHR3j7/A==",
      "dev": true
    },
    "web-streams-polyfill": {
      "version": "3.2.0",
      "resolved": "https://registry.npmjs.org/web-streams-polyfill/-/web-streams-polyfill-3.2.0.tgz",
      "integrity": "sha512-EqPmREeOzttaLRm5HS7io98goBgZ7IVz79aDvqjD0kYXLtFZTc0T/U6wHTPKyIjb+MdN7DFIIX6hgdBEpWmfPA==",
      "dev": true
    }
  }
}
