{
  "name": "@lukekaalim/http-client",
  "version": "2.3.0",
  "lockfileVersion": 1,
  "requires": true,
  "dependencies": {
    "@lukekaalim/server": {
      "version": "7.1.1",
      "resolved": "https://registry.npmjs.org/@lukekaalim/server/-/server-7.1.1.tgz",
      "integrity": "sha512-4GwNIIDJ3TTT28wi8IzGMV70SanyZ0QUq5X/y4Pb4MrxiPz75n7yXh+mbxCbMF9Xr+L3oxqKtesBqUFbUiNOgw==",
      "dev": true
    },
    "@lukekaalim/test": {
      "version": "4.6.0",
      "resolved": "https://registry.npmjs.org/@lukekaalim/test/-/test-4.6.0.tgz",
      "integrity": "sha512-FbX7UEci7HmwohyYr2T8hM7K0qt1Dd0St4eiH0nuRmL8578Tqs4a1TdWKPKabpcF1HGlVwHLNBfT+eKktwJqQw==",
      "dev": true,
      "requires": {
        "tiny-ansi-colors": "0.0.4"
      }
    },
    "node-fetch": {
      "version": "2.6.1",
      "resolved": "https://registry.npmjs.org/node-fetch/-/node-fetch-2.6.1.tgz",
      "integrity": "sha512-V4aYg89jEoVRxRb2fJdAg8FHvI7cEyYdVAh94HH0UIK8oJxUfkjlDQN9RbMx+bEjP7+ggMiFRprSti032Oipxw==",
      "dev": true
    },
    "tiny-ansi-colors": {
      "version": "0.0.4",
      "resolved": "https://registry.npmjs.org/tiny-ansi-colors/-/tiny-ansi-colors-0.0.4.tgz",
      "integrity": "sha512-utpCcSRO2SOZ0Z82PLlaADCgxRl/vNg7i0RhiazZG2MIEtRGkJJV710Qs3nAZLYJUVWwDNykG+JEpLOHR3j7/A==",
      "dev": true
    }
  }
}
