{
  "name": "@lukekaalim/http-client",
  "version": "2.0.2",
  "lockfileVersion": 1,
  "requires": true,
  "dependencies": {
    "@lukekaalim/server": {
      "version": "5.1.0",
      "resolved": "https://registry.npmjs.org/@lukekaalim/server/-/server-5.1.0.tgz",
      "integrity": "sha512-yY5SipHyyYF3Zc8itMALgJDnO/d5fgtI+NBx7j5MU/v5cJudkt72Q0yR9TIksBT7mg2UznPFEtcqwvB41a4Hug==",
      "dev": true
    },
    "@lukekaalim/test": {
      "version": "4.6.0",
      "resolved": "https://registry.npmjs.org/@lukekaalim/test/-/test-4.6.0.tgz",
      "integrity": "sha512-FbX7UEci7HmwohyYr2T8hM7K0qt1Dd0St4eiH0nuRmL8578Tqs4a1TdWKPKabpcF1HGlVwHLNBfT+eKktwJqQw==",
      "dev": true,
      "requires": {
        "tiny-ansi-colors": "0.0.4"
      }
    },
    "tiny-ansi-colors": {
      "version": "0.0.4",
      "resolved": "https://registry.npmjs.org/tiny-ansi-colors/-/tiny-ansi-colors-0.0.4.tgz",
      "integrity": "sha512-utpCcSRO2SOZ0Z82PLlaADCgxRl/vNg7i0RhiazZG2MIEtRGkJJV710Qs3nAZLYJUVWwDNykG+JEpLOHR3j7/A==",
      "dev": true
    }
  }
}
